PODS:
  - composeApp (1.0.0)
  - SwiftUtils (1.0.0)

DEPENDENCIES:
  - composeApp (from `../composeApp`)
  - SwiftUtils (from `../msecd`)

EXTERNAL SOURCES:
  composeApp:
    :path: "../composeApp"
  SwiftUtils:
    :path: "../msecd"

SPEC CHECKSUMS:
  composeApp: d621f720cf2a3933d54f3ec3ced3d052e69a4300
  SwiftUtils: 765584673f32ffa4271d1066ba64cbb1b233c913

PODFILE CHECKSUM: 9b0c58c617b23ccb3b028b0c81747258f6f5cb78

COCOAPODS: 1.11.3
